
Microsoft Visual Studio Solution File, Format Version 12.00
# Visual Studio 2013
VisualStudioVersion = 12.0.21005.1
MinimumVisualStudioVersion = 10.0.40219.1
Project("{FAE04EC0-301F-11D3-BF4B-00C04F79EFBC}") = "GetOrder1", "GetOrder1\GetOrder1.csproj", "{9EA94DE3-E4B6-4202-992B-A047B971C846}"
EndProject
Project("{FAE04EC0-301F-11D3-BF4B-00C04F79EFBC}") = "MathTestProjects", "MathTestProjects\MathTestProjects.csproj", "{E2A02DA4-481D-4B2C-9928-143EBC6CF8FA}"
EndProject
Project("{FAE04EC0-301F-11D3-BF4B-00C04F79EFBC}") = "MathComponents", "MathComponents\MathComponents.csproj", "{CFE32D33-D22B-4B6E-8664-8C404EFB1402}"
EndProject
Global
	GlobalSection(SolutionConfigurationPlatforms) = preSolution
		Debug|Any CPU = Debug|Any CPU
		Release|Any CPU = Release|Any CPU
	EndGlobalSection
	GlobalSection(ProjectConfigurationPlatforms) = postSolution
		{9EA94DE3-E4B6-4202-992B-A047B971C846}.Debug|Any CPU.ActiveCfg = Debug|Any CPU
		{9EA94DE3-E4B6-4202-992B-A047B971C846}.Debug|Any CPU.Build.0 = Debug|Any CPU
		{9EA94DE3-E4B6-4202-992B-A047B971C846}.Release|Any CPU.ActiveCfg = Release|Any CPU
		{9EA94DE3-E4B6-4202-992B-A047B971C846}.Release|Any CPU.Build.0 = Release|Any CPU
		{E2A02DA4-481D-4B2C-9928-143EBC6CF8FA}.Debug|Any CPU.ActiveCfg = Debug|Any CPU
		{E2A02DA4-481D-4B2C-9928-143EBC6CF8FA}.Debug|Any CPU.Build.0 = Debug|Any CPU
		{E2A02DA4-481D-4B2C-9928-143EBC6CF8FA}.Release|Any CPU.ActiveCfg = Release|Any CPU
		{E2A02DA4-481D-4B2C-9928-143EBC6CF8FA}.Release|Any CPU.Build.0 = Release|Any CPU
		{CFE32D33-D22B-4B6E-8664-8C404EFB1402}.Debug|Any CPU.ActiveCfg = Debug|Any CPU
		{CFE32D33-D22B-4B6E-8664-8C404EFB1402}.Debug|Any CPU.Build.0 = Debug|Any CPU
		{CFE32D33-D22B-4B6E-8664-8C404EFB1402}.Release|Any CPU.ActiveCfg = Release|Any CPU
		{CFE32D33-D22B-4B6E-8664-8C404EFB1402}.Release|Any CPU.Build.0 = Release|Any CPU
	EndGlobalSection
	GlobalSection(SolutionProperties) = preSolution
		HideSolutionNode = FALSE
	EndGlobalSection
EndGlobal
